
Microsoft Visual Studio Solution File, Format Version 12.00
# Visual Studio Version 17
VisualStudioVersion = 17.8.34511.84
MinimumVisualStudioVersion = 10.0.40219.1
Project("{FAE04EC0-301F-11D3-BF4B-00C04F79EFBC}") = "WebAPI.Cidades", "WebAPI.Cidades\WebAPI.Cidades.csproj", "{2D0274AA-816D-45AC-9277-B55FD27CFCF5}"
EndProject
Global
	GlobalSection(SolutionConfigurationPlatforms) = preSolution
		Debug|Any CPU = Debug|Any CPU
		Release|Any CPU = Release|Any CPU
	EndGlobalSection
	GlobalSection(ProjectConfigurationPlatforms) = postSolution
		{2D0274AA-816D-45AC-9277-B55FD27CFCF5}.Debug|Any CPU.ActiveCfg = Debug|Any CPU
		{2D0274AA-816D-45AC-9277-B55FD27CFCF5}.Debug|Any CPU.Build.0 = Debug|Any CPU
		{2D0274AA-816D-45AC-9277-B55FD27CFCF5}.Release|Any CPU.ActiveCfg = Release|Any CPU
		{2D0274AA-816D-45AC-9277-B55FD27CFCF5}.Release|Any CPU.Build.0 = Release|Any CPU
	EndGlobalSection
	GlobalSection(SolutionProperties) = preSolution
		HideSolutionNode = FALSE
	EndGlobalSection
	GlobalSection(ExtensibilityGlobals) = postSolution
		SolutionGuid = {3F0F2EC5-029D-499D-A2DB-496FED806719}
	EndGlobalSection
EndGlobal
